// !$*UTF8*$!
{
	archiveVersion = 1;
	classes = {
	};
	objectVersion = 46;
	objects = {

/* Begin PBXBuildFile section */
		D8ED95871A7E9A7D0096BB00 /* main.m in Sources */ = {isa = PBXBuildFile; fileRef = D8ED95861A7E9A7D0096BB00 /* main.m */; };
		D8ED958A1A7E9A7D0096BB00 /* AppDelegate.m in Sources */ = {isa = PBXBuildFile; fileRef = D8ED95891A7E9A7D0096BB00 /* AppDelegate.m */; };
		D8ED958D1A7E9A7D0096BB00 /* MasterViewController.m in Sources */ = {isa = PBXBuildFile; fileRef = D8ED958C1A7E9A7D0096BB00 /* MasterViewController.m */; };
		D8ED95901A7E9A7D0096BB00 /* DetailViewController.m in Sources */ = {isa = PBXBuildFile; fileRef = D8ED958F1A7E9A7D0096BB00 /* DetailViewController.m */; };
		D8ED95931A7E9A7D0096BB00 /* Main.storyboard in Resources */ = {isa = PBXBuildFile; fileRef = D8ED95911A7E9A7D0096BB00 /* Main.storyboard */; };
		D8ED95951A7E9A7D0096BB00 /* Images.xcassets in Resources */ = {isa = PBXBuildFile; fileRef = D8ED95941A7E9A7D0096BB00 /* Images.xcassets */; };
		D8ED95981A7E9A7D0096BB00 /* LaunchScreen.xib in Resources */ = {isa = PBXBuildFile; fileRef = D8ED95961A7E9A7D0096BB00 /* LaunchScreen.xib */; };
		D8ED95A41A7E9A7D0096BB00 /* TestChallengeTSUTests.m in Sources */ = {isa = PBXBuildFile; fileRef = D8ED95A31A7E9A7D0096BB00 /* TestChallengeTSUTests.m */; };
/* End PBXBuildFile section */

/* Begin PBXContainerItemProxy section */
		D8ED959E1A7E9A7D0096BB00 /* PBXContainerItemProxy */ = {
			isa = PBXContainerItemProxy;
			containerPortal = D8ED95791A7E9A7C0096BB00 /* Project object */;
			proxyType = 1;
			remoteGlobalIDString = D8ED95801A7E9A7C0096BB00;
			remoteInfo = TestChallengeTSU;
		};
/* End PBXContainerItemProxy section */

/* Begin PBXFileReference section */
		D8ED95811A7E9A7C0096BB00 /* TestChallengeTSU.app */ = {isa = PBXFileReference; explicitFileType = wrapper.application; includeInIndex = 0; path = TestChallengeTSU.app; sourceTree = BUILT_PRODUCTS_DIR; };
		D8ED95851A7E9A7C0096BB00 /* Info.plist */ = {isa = PBXFileReference; lastKnownFileType = text.plist.xml; path = Info.plist; sourceTree = "<group>"; };
		D8ED95861A7E9A7D0096BB00 /* main.m */ = {isa = PBXFileReference; lastKnownFileType = sourcecode.c.objc; path = main.m; sourceTree = "<group>"; };
		D8ED95881A7E9A7D0096BB00 /* AppDelegate.h */ = {isa = PBXFileReference; lastKnownFileType = sourcecode.c.h; path = AppDelegate.h; sourceTree = "<group>"; };
		D8ED95891A7E9A7D0096BB00 /* AppDelegate.m */ = {isa = PBXFileReference; lastKnownFileType = sourcecode.c.objc; path = AppDelegate.m; sourceTree = "<group>"; };
		D8ED958B1A7E9A7D0096BB00 /* MasterViewController.h */ = {isa = PBXFileReference; lastKnownFileType = sourcecode.c.h; path = MasterViewController.h; sourceTree = "<group>"; };
		D8ED958C1A7E9A7D0096BB00 /* MasterViewController.m */ = {isa = PBXFileReference; lastKnownFileType = sourcecode.c.objc; path = MasterViewController.m; sourceTree = "<group>"; };
		D8ED958E1A7E9A7D0096BB00 /* DetailViewController.h */ = {isa = PBXFileReference; lastKnownFileType = sourcecode.c.h; path = DetailViewController.h; sourceTree = "<group>"; };
		D8ED958F1A7E9A7D0096BB00 /* DetailViewController.m */ = {isa = PBXFileReference; lastKnownFileType = sourcecode.c.objc; path = DetailViewController.m; sourceTree = "<group>"; };
		D8ED95921A7E9A7D0096BB00 /* Base */ = {isa = PBXFileReference; lastKnownFileType = file.storyboard; name = Base; path = Base.lproj/Main.storyboard; sourceTree = "<group>"; };
		D8ED95941A7E9A7D0096BB00 /* Images.xcassets */ = {isa = PBXFileReference; lastKnownFileType = folder.assetcatalog; path = Images.xcassets; sourceTree = "<group>"; };
		D8ED95971A7E9A7D0096BB00 /* Base */ = {isa = PBXFileReference; lastKnownFileType = file.xib; name = Base; path = Base.lproj/LaunchScreen.xib; sourceTree = "<group>"; };
		D8ED959D1A7E9A7D0096BB00 /* TestChallengeTSUTests.xctest */ = {isa = PBXFileReference; explicitFileType = wrapper.cfbundle; includeInIndex = 0; path = TestChallengeTSUTests.xctest; sourceTree = BUILT_PRODUCTS_DIR; };
		D8ED95A21A7E9A7D0096BB00 /* Info.plist */ = {isa = PBXFileReference; lastKnownFileType = text.plist.xml; path = Info.plist; sourceTree = "<group>"; };
		D8ED95A31A7E9A7D0096BB00 /* TestChallengeTSUTests.m */ = {isa = PBXFileReference; lastKnownFileType = sourcecode.c.objc; path = TestChallengeTSUTests.m; sourceTree = "<group>"; };
/* End PBXFileReference section */

/* Begin PBXFrameworksBuildPhase section */
		D8ED957E1A7E9A7C0096BB00 /* Frameworks */ = {
			isa = PBXFrameworksBuildPhase;
			buildActionMask = 2147483647;
			files = (
			);
			runOnlyForDeploymentPostprocessing = 0;
		};
		D8ED959A1A7E9A7D0096BB00 /* Frameworks */ = {
			isa = PBXFrameworksBuildPhase;
			buildActionMask = 2147483647;
			files = (
			);
			runOnlyForDeploymentPostprocessing = 0;
		};
/* End PBXFrameworksBuildPhase section */

/* Begin PBXGroup section */
		D8ED95781A7E9A7C0096BB00 = {
			isa = PBXGroup;
			children = (
				D8ED95831A7E9A7C0096BB00 /* TestChallengeTSU */,
				D8ED95A01A7E9A7D0096BB00 /* TestChallengeTSUTests */,
				D8ED95821A7E9A7C0096BB00 /* Products */,
			);
			sourceTree = "<group>";
		};
		D8ED95821A7E9A7C0096BB00 /* Products */ = {
			isa = PBXGroup;
			children = (
				D8ED95811A7E9A7C0096BB00 /* TestChallengeTSU.app */,
				D8ED959D1A7E9A7D0096BB00 /* TestChallengeTSUTests.xctest */,
			);
			name = Products;
			sourceTree = "<group>";
		};
		D8ED95831A7E9A7C0096BB00 /* TestChallengeTSU */ = {
			isa = PBXGroup;
			children = (
				D8ED95881A7E9A7D0096BB00 /* AppDelegate.h */,
				D8ED95891A7E9A7D0096BB00 /* AppDelegate.m */,
				D8ED958B1A7E9A7D0096BB00 /* MasterViewController.h */,
				D8ED958C1A7E9A7D0096BB00 /* MasterViewController.m */,
				D8ED958E1A7E9A7D0096BB00 /* DetailViewController.h */,
				D8ED958F1A7E9A7D0096BB00 /* DetailViewController.m */,
				D8ED95911A7E9A7D0096BB00 /* Main.storyboard */,
				D8ED95941A7E9A7D0096BB00 /* Images.xcassets */,
				D8ED95961A7E9A7D0096BB00 /* LaunchScreen.xib */,
				D8ED95841A7E9A7C0096BB00 /* Supporting Files */,
			);
			path = TestChallengeTSU;
			sourceTree = "<group>";
		};
		D8ED95841A7E9A7C0096BB00 /* Supporting Files */ = {
			isa = PBXGroup;
			children = (
				D8ED95851A7E9A7C0096BB00 /* Info.plist */,
				D8ED95861A7E9A7D0096BB00 /* main.m */,
			);
			name = "Supporting Files";
			sourceTree = "<group>";
		};
		D8ED95A01A7E9A7D0096BB00 /* TestChallengeTSUTests */ = {
			isa = PBXGroup;
			children = (
				D8ED95A31A7E9A7D0096BB00 /* TestChallengeTSUTests.m */,
				D8ED95A11A7E9A7D0096BB00 /* Supporting Files */,
			);
			path = TestChallengeTSUTests;
			sourceTree = "<group>";
		};
		D8ED95A11A7E9A7D0096BB00 /* Supporting Files */ = {
			isa = PBXGroup;
			children = (
				D8ED95A21A7E9A7D0096BB00 /* Info.plist */,
			);
			name = "Supporting Files";
			sourceTree = "<group>";
		};
/* End PBXGroup section */

/* Begin PBXNativeTarget section */
		D8ED95801A7E9A7C0096BB00 /* TestChallengeTSU */ = {
			isa = PBXNativeTarget;
			buildConfigurationList = D8ED95A71A7E9A7D0096BB00 /* Build configuration list for PBXNativeTarget "TestChallengeTSU" */;
			buildPhases = (
				D8ED957D1A7E9A7C0096BB00 /* Sources */,
				D8ED957E1A7E9A7C0096BB00 /* Frameworks */,
				D8ED957F1A7E9A7C0096BB00 /* Resources */,
			);
			buildRules = (
			);
			dependencies = (
			);
			name = TestChallengeTSU;
			productName = TestChallengeTSU;
			productReference = D8ED95811A7E9A7C0096BB00 /* TestChallengeTSU.app */;
			productType = "com.apple.product-type.application";
		};
		D8ED959C1A7E9A7D0096BB00 /* TestChallengeTSUTests */ = {
			isa = PBXNativeTarget;
			buildConfigurationList = D8ED95AA1A7E9A7D0096BB00 /* Build configuration list for PBXNativeTarget "TestChallengeTSUTests" */;
			buildPhases = (
				D8ED95991A7E9A7D0096BB00 /* Sources */,
				D8ED959A1A7E9A7D0096BB00 /* Frameworks */,
				D8ED959B1A7E9A7D0096BB00 /* Resources */,
			);
			buildRules = (
			);
			dependencies = (
				D8ED959F1A7E9A7D0096BB00 /* PBXTargetDependency */,
			);
			name = TestChallengeTSUTests;
			productName = TestChallengeTSUTests;
			productReference = D8ED959D1A7E9A7D0096BB00 /* TestChallengeTSUTests.xctest */;
			productType = "com.apple.product-type.bundle.unit-test";
		};
/* End PBXNativeTarget section */

/* Begin PBXProject section */
		D8ED95791A7E9A7C0096BB00 /* Project object */ = {
			isa = PBXProject;
			attributes = {
				LastUpgradeCheck = 0610;
				ORGANIZATIONNAME = "Abdoulaye Diallo";
				TargetAttributes = {
					D8ED95801A7E9A7C0096BB00 = {
						CreatedOnToolsVersion = 6.1.1;
					};
					D8ED959C1A7E9A7D0096BB00 = {
						CreatedOnToolsVersion = 6.1.1;
						TestTargetID = D8ED95801A7E9A7C0096BB00;
					};
				};
			};
			buildConfigurationList = D8ED957C1A7E9A7C0096BB00 /* Build configuration list for PBXProject "TestChallengeTSU" */;
			compatibilityVersion = "Xcode 3.2";
			developmentRegion = English;
			hasScannedForEncodings = 0;
			knownRegions = (
				en,
				Base,
			);
			mainGroup = D8ED95781A7E9A7C0096BB00;
			productRefGroup = D8ED95821A7E9A7C0096BB00 /* Products */;
			projectDirPath = "";
			projectRoot = "";
			targets = (
				D8ED95801A7E9A7C0096BB00 /* TestChallengeTSU */,
				D8ED959C1A7E9A7D0096BB00 /* TestChallengeTSUTests */,
			);
		};
/* End PBXProject section */

/* Begin PBXResourcesBuildPhase section */
		D8ED957F1A7E9A7C0096BB00 /* Resources */ = {
			isa = PBXResourcesBuildPhase;
			buildActionMask = 2147483647;
			files = (
				D8ED95931A7E9A7D0096BB00 /* Main.storyboard in Resources */,
				D8ED95981A7E9A7D0096BB00 /* LaunchScreen.xib in Resources */,
				D8ED95951A7E9A7D0096BB00 /* Images.xcassets in Resources */,
			);
			runOnlyForDeploymentPostprocessing = 0;
		};
		D8ED959B1A7E9A7D0096BB00 /* Resources */ = {
			isa = PBXResourcesBuildPhase;
			buildActionMask = 2147483647;
			files = (
			);
			runOnlyForDeploymentPostprocessing = 0;
		};
/* End PBXResourcesBuildPhase section */

/* Begin PBXSourcesBuildPhase section */
		D8ED957D1A7E9A7C0096BB00 /* Sources */ = {
			isa = PBXSourcesBuildPhase;
			buildActionMask = 2147483647;
			files = (
				D8ED958A1A7E9A7D0096BB00 /* AppDelegate.m in Sources */,
				D8ED958D1A7E9A7D0096BB00 /* MasterViewController.m in Sources */,
				D8ED95871A7E9A7D0096BB00 /* main.m in Sources */,
				D8ED95901A7E9A7D0096BB00 /* DetailViewController.m in Sources */,
			);
			runOnlyForDeploymentPostprocessing = 0;
		};
		D8ED95991A7E9A7D0096BB00 /* Sources */ = {
			isa = PBXSourcesBuildPhase;
			buildActionMask = 2147483647;
			files = (
				D8ED95A41A7E9A7D0096BB00 /* TestChallengeTSUTests.m in Sources */,
			);
			runOnlyForDeploymentPostprocessing = 0;
		};
/* End PBXSourcesBuildPhase section */

/* Begin PBXTargetDependency section */
		D8ED959F1A7E9A7D0096BB00 /* PBXTargetDependency */ = {
			isa = PBXTargetDependency;
			target = D8ED95801A7E9A7C0096BB00 /* TestChallengeTSU */;
			targetProxy = D8ED959E1A7E9A7D0096BB00 /* PBXContainerItemProxy */;
		};
/* End PBXTargetDependency section */

/* Begin PBXVariantGroup section */
		D8ED95911A7E9A7D0096BB00 /* Main.storyboard */ = {
			isa = PBXVariantGroup;
			children = (
				D8ED95921A7E9A7D0096BB00 /* Base */,
			);
			name = Main.storyboard;
			sourceTree = "<group>";
		};
		D8ED95961A7E9A7D0096BB00 /* LaunchScreen.xib */ = {
			isa = PBXVariantGroup;
			children = (
				D8ED95971A7E9A7D0096BB00 /* Base */,
			);
			name = LaunchScreen.xib;
			sourceTree = "<group>";
		};
/* End PBXVariantGroup section */

/* Begin XCBuildConfiguration section */
		D8ED95A51A7E9A7D0096BB00 /* Debug */ = {
			isa = XCBuildConfiguration;
			buildSettings = {
				ALWAYS_SEARCH_USER_PATHS = NO;
				CLANG_CXX_LANGUAGE_STANDARD = "gnu++0x";
				CLANG_CXX_LIBRARY = "libc++";
				CLANG_ENABLE_MODULES = YES;
				CLANG_ENABLE_OBJC_ARC = YES;
				CLANG_WARN_BOOL_CONVERSION = YES;
				CLANG_WARN_CONSTANT_CONVERSION = YES;
				CLANG_WARN_DIRECT_OBJC_ISA_USAGE = YES_ERROR;
				CLANG_WARN_EMPTY_BODY = YES;
				CLANG_WARN_ENUM_CONVERSION = YES;
				CLANG_WARN_INT_CONVERSION = YES;
				CLANG_WARN_OBJC_ROOT_CLASS = YES_ERROR;
				CLANG_WARN_UNREACHABLE_CODE = YES;
				CLANG_WARN__DUPLICATE_METHOD_MATCH = YES;
				"CODE_SIGN_IDENTITY[sdk=iphoneos*]" = "iPhone Developer";
				COPY_PHASE_STRIP = NO;
				ENABLE_STRICT_OBJC_MSGSEND = YES;
				GCC_C_LANGUAGE_STANDARD = gnu99;
				GCC_DYNAMIC_NO_PIC = NO;
				GCC_OPTIMIZATION_LEVEL = 0;
				GCC_PREPROCESSOR_DEFINITIONS = (
					"DEBUG=1",
					"$(inherited)",
				);
				GCC_SYMBOLS_PRIVATE_EXTERN = NO;
				GCC_WARN_64_TO_32_BIT_CONVERSION = YES;
				GCC_WARN_ABOUT_RETURN_TYPE = YES_ERROR;
				GCC_WARN_UNDECLARED_SELECTOR = YES;
				GCC_WARN_UNINITIALIZED_AUTOS = YES_AGGRESSIVE;
				GCC_WARN_UNUSED_FUNCTION = YES;
				GCC_WARN_UNUSED_VARIABLE = YES;
				IPHONEOS_DEPLOYMENT_TARGET = 8.1;
				MTL_ENABLE_DEBUG_INFO = YES;
				ONLY_ACTIVE_ARCH = YES;
				SDKROOT = iphoneos;
			};
			name = Debug;
		};
		D8ED95A61A7E9A7D0096BB00 /* Release */ = {
			isa = XCBuildConfiguration;
			buildSettings = {
				ALWAYS_SEARCH_USER_PATHS = NO;
				CLANG_CXX_LANGUAGE_STANDARD = "gnu++0x";
				CLANG_CXX_LIBRARY = "libc++";
				CLANG_ENABLE_MODULES = YES;
				CLANG_ENABLE_OBJC_ARC = YES;
				CLANG_WARN_BOOL_CONVERSION = YES;
				CLANG_WARN_CONSTANT_CONVERSION = YES;
				CLANG_WARN_DIRECT_OBJC_ISA_USAGE = YES_ERROR;
				CLANG_WARN_EMPTY_BODY = YES;
				CLANG_WARN_ENUM_CONVERSION = YES;
				CLANG_WARN_INT_CONVERSION = YES;
				CLANG_WARN_OBJC_ROOT_CLASS = YES_ERROR;
				CLANG_WARN_UNREACHABLE_CODE = YES;
				CLANG_WARN__DUPLICATE_METHOD_MATCH = YES;
				"CODE_SIGN_IDENTITY[sdk=iphoneos*]" = "iPhone Developer";
				COPY_PHASE_STRIP = YES;
				ENABLE_NS_ASSERTIONS = NO;
				ENABLE_STRICT_OBJC_MSGSEND = YES;
				GCC_C_LANGUAGE_STANDARD = gnu99;
				GCC_WARN_64_TO_32_BIT_CONVERSION = YES;
				GCC_WARN_ABOUT_RETURN_TYPE = YES_ERROR;
				GCC_WARN_UNDECLARED_SELECTOR = YES;
				GCC_WARN_UNINITIALIZED_AUTOS = YES_AGGRESSIVE;
				GCC_WARN_UNUSED_FUNCTION = YES;
				GCC_WARN_UNUSED_VARIABLE = YES;
				IPHONEOS_DEPLOYMENT_TARGET = 8.1;
				MTL_ENABLE_DEBUG_INFO = NO;
				SDKROOT = iphoneos;
				VALIDATE_PRODUCT = YES;
			};
			name = Release;
		};
		D8ED95A81A7E9A7D0096BB00 /* Debug */ = {
			isa = XCBuildConfiguration;
			buildSettings = {
				ASSETCATALOG_COMPILER_APPICON_NAME = AppIcon;
				INFOPLIST_FILE = TestChallengeTSU/Info.plist;
				LD_RUNPATH_SEARCH_PATHS = "$(inherited) @executable_path/Frameworks";
				PRODUCT_NAME = "$(TARGET_NAME)";
			};
			name = Debug;
		};
		D8ED95A91A7E9A7D0096BB00 /* Release */ = {
			isa = XCBuildConfiguration;
			buildSettings = {
				ASSETCATALOG_COMPILER_APPICON_NAME = AppIcon;
				INFOPLIST_FILE = TestChallengeTSU/Info.plist;
				LD_RUNPATH_SEARCH_PATHS = "$(inherited) @executable_path/Frameworks";
				PRODUCT_NAME = "$(TARGET_NAME)";
			};
			name = Release;
		};
		D8ED95AB1A7E9A7D0096BB00 /* Debug */ = {
			isa = XCBuildConfiguration;
			buildSettings = {
				BUNDLE_LOADER = "$(TEST_HOST)";
				FRAMEWORK_SEARCH_PATHS = (
					"$(SDKROOT)/Developer/Library/Frameworks",
					"$(inherited)",
				);
				GCC_PREPROCESSOR_DEFINITIONS = (
					"DEBUG=1",
					"$(inherited)",
				);
				INFOPLIST_FILE = TestChallengeTSUTests/Info.plist;
				LD_RUNPATH_SEARCH_PATHS = "$(inherited) @executable_path/Frameworks @loader_path/Frameworks";
				PRODUCT_NAME = "$(TARGET_NAME)";
				TEST_HOST = "$(BUILT_PRODUCTS_DIR)/TestChallengeTSU.app/TestChallengeTSU";
			};
			name = Debug;
		};
		D8ED95AC1A7E9A7D0096BB00 /* Release */ = {
			isa = XCBuildConfiguration;
			buildSettings = {
				BUNDLE_LOADER = "$(TEST_HOST)";
				FRAMEWORK_SEARCH_PATHS = (
					"$(SDKROOT)/Developer/Library/Frameworks",
					"$(inherited)",
				);
				INFOPLIST_FILE = TestChallengeTSUTests/Info.plist;
				LD_RUNPATH_SEARCH_PATHS = "$(inherited) @executable_path/Frameworks @loader_path/Frameworks";
				PRODUCT_NAME = "$(TARGET_NAME)";
				TEST_HOST = "$(BUILT_PRODUCTS_DIR)/TestChallengeTSU.app/TestChallengeTSU";
			};
			name = Release;
		};
/* End XCBuildConfiguration section */

/* Begin XCConfigurationList section */
		D8ED957C1A7E9A7C0096BB00 /* Build configuration list for PBXProject "TestChallengeTSU" */ = {
			isa = XCConfigurationList;
			buildConfigurations = (
				D8ED95A51A7E9A7D0096BB00 /* Debug */,
				D8ED95A61A7E9A7D0096BB00 /* Release */,
			);
			defaultConfigurationIsVisible = 0;
			defaultConfigurationName = Release;
		};
		D8ED95A71A7E9A7D0096BB00 /* Build configuration list for PBXNativeTarget "TestChallengeTSU" */ = {
			isa = XCConfigurationList;
			buildConfigurations = (
				D8ED95A81A7E9A7D0096BB00 /* Debug */,
				D8ED95A91A7E9A7D0096BB00 /* Release */,
			);
			defaultConfigurationIsVisible = 0;
		};
		D8ED95AA1A7E9A7D0096BB00 /* Build configuration list for PBXNativeTarget "TestChallengeTSUTests" */ = {
			isa = XCConfigurationList;
			buildConfigurations = (
				D8ED95AB1A7E9A7D0096BB00 /* Debug */,
				D8ED95AC1A7E9A7D0096BB00 /* Release */,
			);
			defaultConfigurationIsVisible = 0;
		};
/* End XCConfigurationList section */
	};
	rootObject = D8ED95791A7E9A7C0096BB00 /* Project object */;
}
